// !$*UTF8*$!
{
	archiveVersion = 1;
	classes = {
	};
	objectVersion = 77;
	objects = {

/* Begin PBXContainerItemProxy section */
		8F7D1DC32CD179CF000A6E01 /* PBXContainerItemProxy */ = {
			isa = PBXContainerItemProxy;
			containerPortal = 8F7D1DAA2CD179CD000A6E01 /* Project object */;
			proxyType = 1;
			remoteGlobalIDString = 8F7D1DB12CD179CD000A6E01;
			remoteInfo = VanControl;
		};
		8F7D1DCD2CD179CF000A6E01 /* PBXContainerItemProxy */ = {
			isa = PBXContainerItemProxy;
			containerPortal = 8F7D1DAA2CD179CD000A6E01 /* Project object */;
			proxyType = 1;
			remoteGlobalIDString = 8F7D1DB12CD179CD000A6E01;
			remoteInfo = VanControl;
		};
/* End PBXContainerItemProxy section */

/* Begin PBXFileReference section */
		8F7D1DB22CD179CD000A6E01 /* VanControl.app */ = {isa = PBXFileReference; explicitFileType = wrapper.application; includeInIndex = 0; path = VanControl.app; sourceTree = BUILT_PRODUCTS_DIR; };
		8F7D1DC22CD179CF000A6E01 /* VanControlTests.xctest */ = {isa = PBXFileReference; explicitFileType = wrapper.cfbundle; includeInIndex = 0; path = VanControlTests.xctest; sourceTree = BUILT_PRODUCTS_DIR; };
		8F7D1DCC2CD179CF000A6E01 /* VanControlUITests.xctest */ = {isa = PBXFileReference; explicitFileType = wrapper.cfbundle; includeInIndex = 0; path = VanControlUITests.xctest; sourceTree = BUILT_PRODUCTS_DIR; };
/* End PBXFileReference section */

/* Begin PBXFileSystemSynchronizedBuildFileExceptionSet section */
		8F7D1DE02CD17A7E000A6E01 /* Exceptions for "VanControl" folder in "VanControl" target */ = {
			isa = PBXFileSystemSynchronizedBuildFileExceptionSet;
			membershipExceptions = (
				Info.plist,
			);
			target = 8F7D1DB12CD179CD000A6E01 /* VanControl */;
		};
/* End PBXFileSystemSynchronizedBuildFileExceptionSet section */

/* Begin PBXFileSystemSynchronizedRootGroup section */
		8F7D1DB42CD179CD000A6E01 /* VanControl */ = {
			isa = PBXFileSystemSynchronizedRootGroup;
			exceptions = (
				8F7D1DE02CD17A7E000A6E01 /* Exceptions for "VanControl" folder in "VanControl" target */,
			);
			path = VanControl;
			sourceTree = "<group>";
		};
		8F7D1DC52CD179CF000A6E01 /* VanControlTests */ = {
			isa = PBXFileSystemSynchronizedRootGroup;
			path = VanControlTests;
			sourceTree = "<group>";
		};
		8F7D1DCF2CD179CF000A6E01 /* VanControlUITests */ = {
			isa = PBXFileSystemSynchronizedRootGroup;
			path = VanControlUITests;
			sourceTree = "<group>";
		};
/* End PBXFileSystemSynchronizedRootGroup section */

/* Begin PBXFrameworksBuildPhase section */
		8F7D1DAF2CD179CD000A6E01 /* Frameworks */ = {
			isa = PBXFrameworksBuildPhase;
			buildActionMask = 2147483647;
			files = (
			);
			runOnlyForDeploymentPostprocessing = 0;
		};
		8F7D1DBF2CD179CF000A6E01 /* Frameworks */ = {
			isa = PBXFrameworksBuildPhase;
			buildActionMask = 2147483647;
			files = (
			);
			runOnlyForDeploymentPostprocessing = 0;
		};
		8F7D1DC92CD179CF000A6E01 /* Frameworks */ = {
			isa = PBXFrameworksBuildPhase;
			buildActionMask = 2147483647;
			files = (
			);
			runOnlyForDeploymentPostprocessing = 0;
		};
/* End PBXFrameworksBuildPhase section */

/* Begin PBXGroup section */
		8F7D1DA92CD179CD000A6E01 = {
			isa = PBXGroup;
			children = (
				8F7D1DB42CD179CD000A6E01 /* VanControl */,
				8F7D1DC52CD179CF000A6E01 /* VanControlTests */,
				8F7D1DCF2CD179CF000A6E01 /* VanControlUITests */,
				8F7D1DB32CD179CD000A6E01 /* Products */,
			);
			sourceTree = "<group>";
		};
		8F7D1DB32CD179CD000A6E01 /* Products */ = {
			isa = PBXGroup;
			children = (
				8F7D1DB22CD179CD000A6E01 /* VanControl.app */,
				8F7D1DC22CD179CF000A6E01 /* VanControlTests.xctest */,
				8F7D1DCC2CD179CF000A6E01 /* VanControlUITests.xctest */,
			);
			name = Products;
			sourceTree = "<group>";
		};
/* End PBXGroup section */

/* Begin PBXNativeTarget section */
		8F7D1DB12CD179CD000A6E01 /* VanControl */ = {
			isa = PBXNativeTarget;
			buildConfigurationList = 8F7D1DD62CD179CF000A6E01 /* Build configuration list for PBXNativeTarget "VanControl" */;
			buildPhases = (
				8F7D1DAE2CD179CD000A6E01 /* Sources */,
				8F7D1DAF2CD179CD000A6E01 /* Frameworks */,
				8F7D1DB02CD179CD000A6E01 /* Resources */,
			);
			buildRules = (
			);
			dependencies = (
			);
			fileSystemSynchronizedGroups = (
				8F7D1DB42CD179CD000A6E01 /* VanControl */,
			);
			name = VanControl;
			packageProductDependencies = (
			);
			productName = VanControl;
			productReference = 8F7D1DB22CD179CD000A6E01 /* VanControl.app */;
			productType = "com.apple.product-type.application";
		};
		8F7D1DC12CD179CF000A6E01 /* VanControlTests */ = {
			isa = PBXNativeTarget;
			buildConfigurationList = 8F7D1DD92CD179CF000A6E01 /* Build configuration list for PBXNativeTarget "VanControlTests" */;
			buildPhases = (
				8F7D1DBE2CD179CF000A6E01 /* Sources */,
				8F7D1DBF2CD179CF000A6E01 /* Frameworks */,
				8F7D1DC02CD179CF000A6E01 /* Resources */,
			);
			buildRules = (
			);
			dependencies = (
				8F7D1DC42CD179CF000A6E01 /* PBXTargetDependency */,
			);
			fileSystemSynchronizedGroups = (
				8F7D1DC52CD179CF000A6E01 /* VanControlTests */,
			);
			name = VanControlTests;
			packageProductDependencies = (
			);
			productName = VanControlTests;
			productReference = 8F7D1DC22CD179CF000A6E01 /* VanControlTests.xctest */;
			productType = "com.apple.product-type.bundle.unit-test";
		};
		8F7D1DCB2CD179CF000A6E01 /* VanControlUITests */ = {
			isa = PBXNativeTarget;
			buildConfigurationList = 8F7D1DDC2CD179CF000A6E01 /* Build configuration list for PBXNativeTarget "VanControlUITests" */;
			buildPhases = (
				8F7D1DC82CD179CF000A6E01 /* Sources */,
				8F7D1DC92CD179CF000A6E01 /* Frameworks */,
				8F7D1DCA2CD179CF000A6E01 /* Resources */,
			);
			buildRules = (
			);
			dependencies = (
				8F7D1DCE2CD179CF000A6E01 /* PBXTargetDependency */,
			);
			fileSystemSynchronizedGroups = (
				8F7D1DCF2CD179CF000A6E01 /* VanControlUITests */,
			);
			name = VanControlUITests;
			packageProductDependencies = (
			);
			productName = VanControlUITests;
			productReference = 8F7D1DCC2CD179CF000A6E01 /* VanControlUITests.xctest */;
			productType = "com.apple.product-type.bundle.ui-testing";
		};
/* End PBXNativeTarget section */

/* Begin PBXProject section */
		8F7D1DAA2CD179CD000A6E01 /* Project object */ = {
			isa = PBXProject;
			attributes = {
				BuildIndependentTargetsInParallel = 1;
				LastSwiftUpdateCheck = 1600;
				LastUpgradeCheck = 1600;
				TargetAttributes = {
					8F7D1DB12CD179CD000A6E01 = {
						CreatedOnToolsVersion = 16.0;
					};
					8F7D1DC12CD179CF000A6E01 = {
						CreatedOnToolsVersion = 16.0;
						TestTargetID = 8F7D1DB12CD179CD000A6E01;
					};
					8F7D1DCB2CD179CF000A6E01 = {
						CreatedOnToolsVersion = 16.0;
						TestTargetID = 8F7D1DB12CD179CD000A6E01;
					};
				};
			};
			buildConfigurationList = 8F7D1DAD2CD179CD000A6E01 /* Build configuration list for PBXProject "VanControl" */;
			developmentRegion = en;
			hasScannedForEncodings = 0;
			knownRegions = (
				en,
				Base,
			);
			mainGroup = 8F7D1DA92CD179CD000A6E01;
			minimizedProjectReferenceProxies = 1;
			preferredProjectObjectVersion = 77;
			productRefGroup = 8F7D1DB32CD179CD000A6E01 /* Products */;
			projectDirPath = "";
			projectRoot = "";
			targets = (
				8F7D1DB12CD179CD000A6E01 /* VanControl */,
				8F7D1DC12CD179CF000A6E01 /* VanControlTests */,
				8F7D1DCB2CD179CF000A6E01 /* VanControlUITests */,
			);
		};
/* End PBXProject section */

/* Begin PBXResourcesBuildPhase section */
		8F7D1DB02CD179CD000A6E01 /* Resources */ = {
			isa = PBXResourcesBuildPhase;
			buildActionMask = 2147483647;
			files = (
			);
			runOnlyForDeploymentPostprocessing = 0;
		};
		8F7D1DC02CD179CF000A6E01 /* Resources */ = {
			isa = PBXResourcesBuildPhase;
			buildActionMask = 2147483647;
			files = (
			);
			runOnlyForDeploymentPostprocessing = 0;
		};
		8F7D1DCA2CD179CF000A6E01 /* Resources */ = {
			isa = PBXResourcesBuildPhase;
			buildActionMask = 2147483647;
			files = (
			);
			runOnlyForDeploymentPostprocessing = 0;
		};
/* End PBXResourcesBuildPhase section */

/* Begin PBXSourcesBuildPhase section */
		8F7D1DAE2CD179CD000A6E01 /* Sources */ = {
			isa = PBXSourcesBuildPhase;
			buildActionMask = 2147483647;
			files = (
			);
			runOnlyForDeploymentPostprocessing = 0;
		};
		8F7D1DBE2CD179CF000A6E01 /* Sources */ = {
			isa = PBXSourcesBuildPhase;
			buildActionMask = 2147483647;
			files = (
			);
			runOnlyForDeploymentPostprocessing = 0;
		};
		8F7D1DC82CD179CF000A6E01 /* Sources */ = {
			isa = PBXSourcesBuildPhase;
			buildActionMask = 2147483647;
			files = (
			);
			runOnlyForDeploymentPostprocessing = 0;
		};
/* End PBXSourcesBuildPhase section */

/* Begin PBXTargetDependency section */
		8F7D1DC42CD179CF000A6E01 /* PBXTargetDependency */ = {
			isa = PBXTargetDependency;
			target = 8F7D1DB12CD179CD000A6E01 /* VanControl */;
			targetProxy = 8F7D1DC32CD179CF000A6E01 /* PBXContainerItemProxy */;
		};
		8F7D1DCE2CD179CF000A6E01 /* PBXTargetDependency */ = {
			isa = PBXTargetDependency;
			target = 8F7D1DB12CD179CD000A6E01 /* VanControl */;
			targetProxy = 8F7D1DCD2CD179CF000A6E01 /* PBXContainerItemProxy */;
		};
/* End PBXTargetDependency section */

/* Begin XCBuildConfiguration section */
		8F7D1DD42CD179CF000A6E01 /* Debug */ = {
			isa = XCBuildConfiguration;
			buildSettings = {
				ALWAYS_SEARCH_USER_PATHS = NO;
				ASSETCATALOG_COMPILER_GENERATE_SWIFT_ASSET_SYMBOL_EXTENSIONS = YES;
				CLANG_ANALYZER_NONNULL = YES;
				CLANG_ANALYZER_NUMBER_OBJECT_CONVERSION = YES_AGGRESSIVE;
				CLANG_CXX_LANGUAGE_STANDARD = "gnu++20";
				CLANG_ENABLE_MODULES = YES;
				CLANG_ENABLE_OBJC_ARC = YES;
				CLANG_ENABLE_OBJC_WEAK = YES;
				CLANG_WARN_BLOCK_CAPTURE_AUTORELEASING = YES;
				CLANG_WARN_BOOL_CONVERSION = YES;
				CLANG_WARN_COMMA = YES;
				CLANG_WARN_CONSTANT_CONVERSION = YES;
				CLANG_WARN_DEPRECATED_OBJC_IMPLEMENTATIONS = YES;
				CLANG_WARN_DIRECT_OBJC_ISA_USAGE = YES_ERROR;
				CLANG_WARN_DOCUMENTATION_COMMENTS = YES;
				CLANG_WARN_EMPTY_BODY = YES;
				CLANG_WARN_ENUM_CONVERSION = YES;
				CLANG_WARN_INFINITE_RECURSION = YES;
				CLANG_WARN_INT_CONVERSION = YES;
				CLANG_WARN_NON_LITERAL_NULL_CONVERSION = YES;
				CLANG_WARN_OBJC_IMPLICIT_RETAIN_SELF = YES;
				CLANG_WARN_OBJC_LITERAL_CONVERSION = YES;
				CLANG_WARN_OBJC_ROOT_CLASS = YES_ERROR;
				CLANG_WARN_QUOTED_INCLUDE_IN_FRAMEWORK_HEADER = YES;
				CLANG_WARN_RANGE_LOOP_ANALYSIS = YES;
				CLANG_WARN_STRICT_PROTOTYPES = YES;
				CLANG_WARN_SUSPICIOUS_MOVE = YES;
				CLANG_WARN_UNGUARDED_AVAILABILITY = YES_AGGRESSIVE;
				CLANG_WARN_UNREACHABLE_CODE = YES;
				CLANG_WARN__DUPLICATE_METHOD_MATCH = YES;
				COPY_PHASE_STRIP = NO;
				DEBUG_INFORMATION_FORMAT = dwarf;
				ENABLE_STRICT_OBJC_MSGSEND = YES;
				ENABLE_TESTABILITY = YES;
				ENABLE_USER_SCRIPT_SANDBOXING = YES;
				GCC_C_LANGUAGE_STANDARD = gnu17;
				GCC_DYNAMIC_NO_PIC = NO;
				GCC_NO_COMMON_BLOCKS = YES;
				GCC_OPTIMIZATION_LEVEL = 0;
				GCC_PREPROCESSOR_DEFINITIONS = (
					"DEBUG=1",
					"$(inherited)",
				);
				GCC_WARN_64_TO_32_BIT_CONVERSION = YES;
				GCC_WARN_ABOUT_RETURN_TYPE = YES_ERROR;
				GCC_WARN_UNDECLARED_SELECTOR = YES;
				GCC_WARN_UNINITIALIZED_AUTOS = YES_AGGRESSIVE;
				GCC_WARN_UNUSED_FUNCTION = YES;
				GCC_WARN_UNUSED_VARIABLE = YES;
				IPHONEOS_DEPLOYMENT_TARGET = 18.0;
				LOCALIZATION_PREFERS_STRING_CATALOGS = YES;
				MTL_ENABLE_DEBUG_INFO = INCLUDE_SOURCE;
				MTL_FAST_MATH = YES;
				ONLY_ACTIVE_ARCH = YES;
				SDKROOT = iphoneos;
				SWIFT_ACTIVE_COMPILATION_CONDITIONS = "DEBUG $(inherited)";
				SWIFT_OPTIMIZATION_LEVEL = "-Onone";
			};
			name = Debug;
		};
		8F7D1DD52CD179CF000A6E01 /* Release */ = {
			isa = XCBuildConfiguration;
			buildSettings = {
				ALWAYS_SEARCH_USER_PATHS = NO;
				ASSETCATALOG_COMPILER_GENERATE_SWIFT_ASSET_SYMBOL_EXTENSIONS = YES;
				CLANG_ANALYZER_NONNULL = YES;
				CLANG_ANALYZER_NUMBER_OBJECT_CONVERSION = YES_AGGRESSIVE;
				CLANG_CXX_LANGUAGE_STANDARD = "gnu++20";
				CLANG_ENABLE_MODULES = YES;
				CLANG_ENABLE_OBJC_ARC = YES;
				CLANG_ENABLE_OBJC_WEAK = YES;
				CLANG_WARN_BLOCK_CAPTURE_AUTORELEASING = YES;
				CLANG_WARN_BOOL_CONVERSION = YES;
				CLANG_WARN_COMMA = YES;
				CLANG_WARN_CONSTANT_CONVERSION = YES;
				CLANG_WARN_DEPRECATED_OBJC_IMPLEMENTATIONS = YES;
				CLANG_WARN_DIRECT_OBJC_ISA_USAGE = YES_ERROR;
				CLANG_WARN_DOCUMENTATION_COMMENTS = YES;
				CLANG_WARN_EMPTY_BODY = YES;
				CLANG_WARN_ENUM_CONVERSION = YES;
				CLANG_WARN_INFINITE_RECURSION = YES;
				CLANG_WARN_INT_CONVERSION = YES;
				CLANG_WARN_NON_LITERAL_NULL_CONVERSION = YES;
				CLANG_WARN_OBJC_IMPLICIT_RETAIN_SELF = YES;
				CLANG_WARN_OBJC_LITERAL_CONVERSION = YES;
				CLANG_WARN_OBJC_ROOT_CLASS = YES_ERROR;
				CLANG_WARN_QUOTED_INCLUDE_IN_FRAMEWORK_HEADER = YES;
				CLANG_WARN_RANGE_LOOP_ANALYSIS = YES;
				CLANG_WARN_STRICT_PROTOTYPES = YES;
				CLANG_WARN_SUSPICIOUS_MOVE = YES;
				CLANG_WARN_UNGUARDED_AVAILABILITY = YES_AGGRESSIVE;
				CLANG_WARN_UNREACHABLE_CODE = YES;
				CLANG_WARN__DUPLICATE_METHOD_MATCH = YES;
				COPY_PHASE_STRIP = NO;
				DEBUG_INFORMATION_FORMAT = "dwarf-with-dsym";
				ENABLE_NS_ASSERTIONS = NO;
				ENABLE_STRICT_OBJC_MSGSEND = YES;
				ENABLE_USER_SCRIPT_SANDBOXING = YES;
				GCC_C_LANGUAGE_STANDARD = gnu17;
				GCC_NO_COMMON_BLOCKS = YES;
				GCC_WARN_64_TO_32_BIT_CONVERSION = YES;
				GCC_WARN_ABOUT_RETURN_TYPE = YES_ERROR;
				GCC_WARN_UNDECLARED_SELECTOR = YES;
				GCC_WARN_UNINITIALIZED_AUTOS = YES_AGGRESSIVE;
				GCC_WARN_UNUSED_FUNCTION = YES;
				GCC_WARN_UNUSED_VARIABLE = YES;
				IPHONEOS_DEPLOYMENT_TARGET = 18.0;
				LOCALIZATION_PREFERS_STRING_CATALOGS = YES;
				MTL_ENABLE_DEBUG_INFO = NO;
				MTL_FAST_MATH = YES;
				SDKROOT = iphoneos;
				SWIFT_COMPILATION_MODE = wholemodule;
				VALIDATE_PRODUCT = YES;
			};
			name = Release;
		};
		8F7D1DD72CD179CF000A6E01 /* Debug */ = {
			isa = XCBuildConfiguration;
			buildSettings = {
				ASSETCATALOG_COMPILER_APPICON_NAME = AppIcon;
				ASSETCATALOG_COMPILER_GLOBAL_ACCENT_COLOR_NAME = AccentColor;
				CODE_SIGN_STYLE = Automatic;
				CURRENT_PROJECT_VERSION = 1;
				DEVELOPMENT_ASSET_PATHS = "\"VanControl/Preview Content\"";
				DEVELOPMENT_TEAM = 9PDJWP8H6G;
				ENABLE_PREVIEWS = YES;
				GENERATE_INFOPLIST_FILE = YES;
				INFOPLIST_FILE = VanControl/Info.plist;
				INFOPLIST_KEY_CFBundleDisplayName = "";
				INFOPLIST_KEY_LSApplicationCategoryType = "";
				INFOPLIST_KEY_NSBluetoothAlwaysUsageDescription = "Die App benötigt Bluetooth, um das Relais zu steuern.";
				INFOPLIST_KEY_UIApplicationSceneManifest_Generation = YES;
				INFOPLIST_KEY_UIApplicationSupportsIndirectInputEvents = YES;
				INFOPLIST_KEY_UILaunchScreen_Generation = YES;
				INFOPLIST_KEY_UISupportedInterfaceOrientations_iPad = "UIInterfaceOrientationPortrait UIInterfaceOrientationPortraitUpsideDown UIInterfaceOrientationLandscapeLeft UIInterfaceOrientationLandscapeRight";
				INFOPLIST_KEY_UISupportedInterfaceOrientations_iPhone = "UIInterfaceOrientationPortrait UIInterfaceOrientationLandscapeLeft UIInterfaceOrientationLandscapeRight";
				LD_RUNPATH_SEARCH_PATHS = (
					"$(inherited)",
					"@executable_path/Frameworks",
				);
				MARKETING_VERSION = 1.0;
				PRODUCT_BUNDLE_IDENTIFIER = ch.jorisbieg.VanControl;
				PRODUCT_NAME = "$(TARGET_NAME)";
				SWIFT_EMIT_LOC_STRINGS = YES;
				SWIFT_VERSION = 5.0;
				TARGETED_DEVICE_FAMILY = "1,2";
			};
			name = Debug;
		};
		8F7D1DD82CD179CF000A6E01 /* Release */ = {
			isa = XCBuildConfiguration;
			buildSettings = {
				ASSETCATALOG_COMPILER_APPICON_NAME = AppIcon;
				ASSETCATALOG_COMPILER_GLOBAL_ACCENT_COLOR_NAME = AccentColor;
				CODE_SIGN_STYLE = Automatic;
				CURRENT_PROJECT_VERSION = 1;
				DEVELOPMENT_ASSET_PATHS = "\"VanControl/Preview Content\"";
				DEVELOPMENT_TEAM = 9PDJWP8H6G;
				ENABLE_PREVIEWS = YES;
				GENERATE_INFOPLIST_FILE = YES;
				INFOPLIST_FILE = VanControl/Info.plist;
				INFOPLIST_KEY_CFBundleDisplayName = "";
				INFOPLIST_KEY_LSApplicationCategoryType = "";
				INFOPLIST_KEY_NSBluetoothAlwaysUsageDescription = "Die App benötigt Bluetooth, um das Relais zu steuern.";
				INFOPLIST_KEY_UIApplicationSceneManifest_Generation = YES;
				INFOPLIST_KEY_UIApplicationSupportsIndirectInputEvents = YES;
				INFOPLIST_KEY_UILaunchScreen_Generation = YES;
				INFOPLIST_KEY_UISupportedInterfaceOrientations_iPad = "UIInterfaceOrientationPortrait UIInterfaceOrientationPortraitUpsideDown UIInterfaceOrientationLandscapeLeft UIInterfaceOrientationLandscapeRight";
				INFOPLIST_KEY_UISupportedInterfaceOrientations_iPhone = "UIInterfaceOrientationPortrait UIInterfaceOrientationLandscapeLeft UIInterfaceOrientationLandscapeRight";
				LD_RUNPATH_SEARCH_PATHS = (
					"$(inherited)",
					"@executable_path/Frameworks",
				);
				MARKETING_VERSION = 1.0;
				PRODUCT_BUNDLE_IDENTIFIER = ch.jorisbieg.VanControl;
				PRODUCT_NAME = "$(TARGET_NAME)";
				SWIFT_EMIT_LOC_STRINGS = YES;
				SWIFT_VERSION = 5.0;
				TARGETED_DEVICE_FAMILY = "1,2";
			};
			name = Release;
		};
		8F7D1DDA2CD179CF000A6E01 /* Debug */ = {
			isa = XCBuildConfiguration;
			buildSettings = {
				BUNDLE_LOADER = "$(TEST_HOST)";
				CODE_SIGN_STYLE = Automatic;
				CURRENT_PROJECT_VERSION = 1;
				DEVELOPMENT_TEAM = 9PDJWP8H6G;
				GENERATE_INFOPLIST_FILE = YES;
				IPHONEOS_DEPLOYMENT_TARGET = 18.0;
				MARKETING_VERSION = 1.0;
				PRODUCT_BUNDLE_IDENTIFIER = "ch.joris-bieg.VanControlTests";
				PRODUCT_NAME = "$(TARGET_NAME)";
				SWIFT_EMIT_LOC_STRINGS = NO;
				SWIFT_VERSION = 5.0;
				TARGETED_DEVICE_FAMILY = "1,2";
				TEST_HOST = "$(BUILT_PRODUCTS_DIR)/VanControl.app/$(BUNDLE_EXECUTABLE_FOLDER_PATH)/VanControl";
			};
			name = Debug;
		};
		8F7D1DDB2CD179CF000A6E01 /* Release */ = {
			isa = XCBuildConfiguration;
			buildSettings = {
				BUNDLE_LOADER = "$(TEST_HOST)";
				CODE_SIGN_STYLE = Automatic;
				CURRENT_PROJECT_VERSION = 1;
				DEVELOPMENT_TEAM = 9PDJWP8H6G;
				GENERATE_INFOPLIST_FILE = YES;
				IPHONEOS_DEPLOYMENT_TARGET = 18.0;
				MARKETING_VERSION = 1.0;
				PRODUCT_BUNDLE_IDENTIFIER = "ch.joris-bieg.VanControlTests";
				PRODUCT_NAME = "$(TARGET_NAME)";
				SWIFT_EMIT_LOC_STRINGS = NO;
				SWIFT_VERSION = 5.0;
				TARGETED_DEVICE_FAMILY = "1,2";
				TEST_HOST = "$(BUILT_PRODUCTS_DIR)/VanControl.app/$(BUNDLE_EXECUTABLE_FOLDER_PATH)/VanControl";
			};
			name = Release;
		};
		8F7D1DDD2CD179CF000A6E01 /* Debug */ = {
			isa = XCBuildConfiguration;
			buildSettings = {
				CODE_SIGN_STYLE = Automatic;
				CURRENT_PROJECT_VERSION = 1;
				DEVELOPMENT_TEAM = 9PDJWP8H6G;
				GENERATE_INFOPLIST_FILE = YES;
				MARKETING_VERSION = 1.0;
				PRODUCT_BUNDLE_IDENTIFIER = "ch.joris-bieg.VanControlUITests";
				PRODUCT_NAME = "$(TARGET_NAME)";
				SWIFT_EMIT_LOC_STRINGS = NO;
				SWIFT_VERSION = 5.0;
				TARGETED_DEVICE_FAMILY = "1,2";
				TEST_TARGET_NAME = VanControl;
			};
			name = Debug;
		};
		8F7D1DDE2CD179CF000A6E01 /* Release */ = {
			isa = XCBuildConfiguration;
			buildSettings = {
				CODE_SIGN_STYLE = Automatic;
				CURRENT_PROJECT_VERSION = 1;
				DEVELOPMENT_TEAM = 9PDJWP8H6G;
				GENERATE_INFOPLIST_FILE = YES;
				MARKETING_VERSION = 1.0;
				PRODUCT_BUNDLE_IDENTIFIER = "ch.joris-bieg.VanControlUITests";
				PRODUCT_NAME = "$(TARGET_NAME)";
				SWIFT_EMIT_LOC_STRINGS = NO;
				SWIFT_VERSION = 5.0;
				TARGETED_DEVICE_FAMILY = "1,2";
				TEST_TARGET_NAME = VanControl;
			};
			name = Release;
		};
/* End XCBuildConfiguration section */

/* Begin XCConfigurationList section */
		8F7D1DAD2CD179CD000A6E01 /* Build configuration list for PBXProject "VanControl" */ = {
			isa = XCConfigurationList;
			buildConfigurations = (
				8F7D1DD42CD179CF000A6E01 /* Debug */,
				8F7D1DD52CD179CF000A6E01 /* Release */,
			);
			defaultConfigurationIsVisible = 0;
			defaultConfigurationName = Release;
		};
		8F7D1DD62CD179CF000A6E01 /* Build configuration list for PBXNativeTarget "VanControl" */ = {
			isa = XCConfigurationList;
			buildConfigurations = (
				8F7D1DD72CD179CF000A6E01 /* Debug */,
				8F7D1DD82CD179CF000A6E01 /* Release */,
			);
			defaultConfigurationIsVisible = 0;
			defaultConfigurationName = Release;
		};
		8F7D1DD92CD179CF000A6E01 /* Build configuration list for PBXNativeTarget "VanControlTests" */ = {
			isa = XCConfigurationList;
			buildConfigurations = (
				8F7D1DDA2CD179CF000A6E01 /* Debug */,
				8F7D1DDB2CD179CF000A6E01 /* Release */,
			);
			defaultConfigurationIsVisible = 0;
			defaultConfigurationName = Release;
		};
		8F7D1DDC2CD179CF000A6E01 /* Build configuration list for PBXNativeTarget "VanControlUITests" */ = {
			isa = XCConfigurationList;
			buildConfigurations = (
				8F7D1DDD2CD179CF000A6E01 /* Debug */,
				8F7D1DDE2CD179CF000A6E01 /* Release */,
			);
			defaultConfigurationIsVisible = 0;
			defaultConfigurationName = Release;
		};
/* End XCConfigurationList section */
	};
	rootObject = 8F7D1DAA2CD179CD000A6E01 /* Project object */;
}
